# THIS IS AN AUTOGENERATED FILE. DO NOT EDIT THIS FILE DIRECTLY.
# yarn lockfile v1


babel-plugin-react-transform@^2.0.2:
  version "2.0.2"
  resolved "https://registry.yarnpkg.com/babel-plugin-react-transform/-/babel-plugin-react-transform-2.0.2.tgz#515bbfa996893981142d90b1f9b1635de2995109"
  dependencies:
    lodash "^4.6.1"

babel-preset-react-hmre@^1.1.1:
  version "1.1.1"
  resolved "https://registry.yarnpkg.com/babel-preset-react-hmre/-/babel-preset-react-hmre-1.1.1.tgz#d216e60cb5b8d4c873e19ed0f54eaff1437bc492"
  dependencies:
    babel-plugin-react-transform "^2.0.2"
    react-transform-catch-errors "^1.0.2"
    react-transform-hmr "^1.0.3"
    redbox-react "^1.2.2"

dom-walk@^0.1.0:
  version "0.1.1"
  resolved "https://registry.yarnpkg.com/dom-walk/-/dom-walk-0.1.1.tgz#672226dc74c8f799ad35307df936aba11acd6018"

error-stack-parser@^1.3.6:
  version "1.3.6"
  resolved "https://registry.yarnpkg.com/error-stack-parser/-/error-stack-parser-1.3.6.tgz#e0e73b93e417138d1cd7c0b746b1a4a14854c292"
  dependencies:
    stackframe "^0.3.1"

global@^4.3.0:
  version "4.3.1"
  resolved "https://registry.yarnpkg.com/global/-/global-4.3.1.tgz#5f757908c7cbabce54f386ae440e11e26b7916df"
  dependencies:
    min-document "^2.19.0"
    process "~0.5.1"

lodash@^4.6.1:
  version "4.17.4"
  resolved "https://registry.yarnpkg.com/lodash/-/lodash-4.17.4.tgz#78203a4d1c328ae1d86dca6460e369b57f4055ae"

min-document@^2.19.0:
  version "2.19.0"
  resolved "https://registry.yarnpkg.com/min-document/-/min-document-2.19.0.tgz#7bd282e3f5842ed295bb748cdd9f1ffa2c824685"
  dependencies:
    dom-walk "^0.1.0"

object-assign@^4.0.1:
  version "4.1.1"
  resolved "https://registry.yarnpkg.com/object-assign/-/object-assign-4.1.1.tgz#2109adc7965887cfc05cbbd442cac8bfbb360863"

process@~0.5.1:
  version "0.5.2"
  resolved "https://registry.yarnpkg.com/process/-/process-0.5.2.tgz#1638d8a8e34c2f440a91db95ab9aeb677fc185cf"

react-deep-force-update@^1.0.0:
  version "1.0.1"
  resolved "https://registry.yarnpkg.com/react-deep-force-update/-/react-deep-force-update-1.0.1.tgz#f911b5be1d2a6fe387507dd6e9a767aa2924b4c7"

react-proxy@^1.1.7:
  version "1.1.8"
  resolved "https://registry.yarnpkg.com/react-proxy/-/react-proxy-1.1.8.tgz#9dbfd9d927528c3aa9f444e4558c37830ab8c26a"
  dependencies:
    lodash "^4.6.1"
    react-deep-force-update "^1.0.0"

react-transform-catch-errors@^1.0.2:
  version "1.0.2"
  resolved "https://registry.yarnpkg.com/react-transform-catch-errors/-/react-transform-catch-errors-1.0.2.tgz#1b4d4a76e97271896fc16fe3086c793ec88a9eeb"

react-transform-hmr@^1.0.3:
  version "1.0.4"
  resolved "https://registry.yarnpkg.com/react-transform-hmr/-/react-transform-hmr-1.0.4.tgz#e1a40bd0aaefc72e8dfd7a7cda09af85066397bb"
  dependencies:
    global "^4.3.0"
    react-proxy "^1.1.7"

redbox-react@^1.2.2:
  version "1.3.4"
  resolved "https://registry.yarnpkg.com/redbox-react/-/redbox-react-1.3.4.tgz#3d882bb62cc7c8f6256279d12f05c6a5a96d24c6"
  dependencies:
    error-stack-parser "^1.3.6"
    object-assign "^4.0.1"

stackframe@^0.3.1:
  version "0.3.1"
  resolved "https://registry.yarnpkg.com/stackframe/-/stackframe-0.3.1.tgz#33aa84f1177a5548c8935533cbfeb3420975f5a4"
